
Microsoft Visual Studio Solution File, Format Version 12.00
Project("{FAE04EC0-301F-11D3-BF4B-00C04F79EFBC}") = "MyBlog.Domain", "MyBlog.Domain\MyBlog.Domain.csproj", "{16B10D60-DAF7-45F7-B5D8-EE1467D40EEF}"
EndProject
Project("{FAE04EC0-301F-11D3-BF4B-00C04F79EFBC}") = "MyBlog.Application", "MyBlog.Application\MyBlog.Application.csproj", "{5351319B-6EE0-4C7D-8EA7-B5F445AC0837}"
EndProject
Project("{FAE04EC0-301F-11D3-BF4B-00C04F79EFBC}") = "MyBlog.Infrastructure", "MyBlog.Infrastructure\MyBlog.Infrastructure.csproj", "{F1A41B42-55B8-4306-AA31-460D88CB5F51}"
EndProject
Project("{2150E333-8FDC-42A3-9474-1A3956D46DE8}") = "04.Presentation", "04.Presentation", "{EC13EA5D-40D5-468D-A28B-59697D8D964F}"
EndProject
Project("{2150E333-8FDC-42A3-9474-1A3956D46DE8}") = "01.Domain", "01.Domain", "{C824D666-BE2F-468E-8FC5-AB196F814A6C}"
EndProject
Project("{2150E333-8FDC-42A3-9474-1A3956D46DE8}") = "02.Aplication", "02.Aplication", "{55F19E5A-167E-473F-8695-DE47AD4DBCAF}"
EndProject
Project("{2150E333-8FDC-42A3-9474-1A3956D46DE8}") = "03.Infrastructure", "03.Infrastructure", "{66552974-DC4A-49B9-A1C8-C3916B0CC623}"
EndProject
Project("{FAE04EC0-301F-11D3-BF4B-00C04F79EFBC}") = "MyBlog.Maui", "MyBlog.Maui\MyBlog.Maui.csproj", "{E01F70E0-1761-4886-9C2B-BD766A5924BB}"
EndProject
Global
	GlobalSection(SolutionConfigurationPlatforms) = preSolution
		Debug|Any CPU = Debug|Any CPU
		Release|Any CPU = Release|Any CPU
	EndGlobalSection
	GlobalSection(ProjectConfigurationPlatforms) = postSolution
		{16B10D60-DAF7-45F7-B5D8-EE1467D40EEF}.Debug|Any CPU.ActiveCfg = Debug|Any CPU
		{16B10D60-DAF7-45F7-B5D8-EE1467D40EEF}.Debug|Any CPU.Build.0 = Debug|Any CPU
		{16B10D60-DAF7-45F7-B5D8-EE1467D40EEF}.Release|Any CPU.ActiveCfg = Release|Any CPU
		{16B10D60-DAF7-45F7-B5D8-EE1467D40EEF}.Release|Any CPU.Build.0 = Release|Any CPU
		{5351319B-6EE0-4C7D-8EA7-B5F445AC0837}.Debug|Any CPU.ActiveCfg = Debug|Any CPU
		{5351319B-6EE0-4C7D-8EA7-B5F445AC0837}.Debug|Any CPU.Build.0 = Debug|Any CPU
		{5351319B-6EE0-4C7D-8EA7-B5F445AC0837}.Release|Any CPU.ActiveCfg = Release|Any CPU
		{5351319B-6EE0-4C7D-8EA7-B5F445AC0837}.Release|Any CPU.Build.0 = Release|Any CPU
		{F1A41B42-55B8-4306-AA31-460D88CB5F51}.Debug|Any CPU.ActiveCfg = Debug|Any CPU
		{F1A41B42-55B8-4306-AA31-460D88CB5F51}.Debug|Any CPU.Build.0 = Debug|Any CPU
		{F1A41B42-55B8-4306-AA31-460D88CB5F51}.Release|Any CPU.ActiveCfg = Release|Any CPU
		{F1A41B42-55B8-4306-AA31-460D88CB5F51}.Release|Any CPU.Build.0 = Release|Any CPU
		{E01F70E0-1761-4886-9C2B-BD766A5924BB}.Debug|Any CPU.ActiveCfg = Debug|Any CPU
		{E01F70E0-1761-4886-9C2B-BD766A5924BB}.Debug|Any CPU.Build.0 = Debug|Any CPU
		{E01F70E0-1761-4886-9C2B-BD766A5924BB}.Release|Any CPU.ActiveCfg = Release|Any CPU
		{E01F70E0-1761-4886-9C2B-BD766A5924BB}.Release|Any CPU.Build.0 = Release|Any CPU
	EndGlobalSection
	GlobalSection(NestedProjects) = preSolution
		{16B10D60-DAF7-45F7-B5D8-EE1467D40EEF} = {C824D666-BE2F-468E-8FC5-AB196F814A6C}
		{5351319B-6EE0-4C7D-8EA7-B5F445AC0837} = {55F19E5A-167E-473F-8695-DE47AD4DBCAF}
		{F1A41B42-55B8-4306-AA31-460D88CB5F51} = {66552974-DC4A-49B9-A1C8-C3916B0CC623}
		{E01F70E0-1761-4886-9C2B-BD766A5924BB} = {EC13EA5D-40D5-468D-A28B-59697D8D964F}
	EndGlobalSection
EndGlobal
